
Microsoft Visual Studio Solution File, Format Version 12.00
# Visual Studio Version 17
VisualStudioVersion = 17.0.32014.148
MinimumVisualStudioVersion = 10.0.40219.1
Project("{FAE04EC0-301F-11D3-BF4B-00C04F79EFBC}") = "AdditionQuiz", "AdditionQuiz\AdditionQuiz.csproj", "{4EA6F19A-1367-4126-B26B-5A73A74A0587}"
EndProject
Global
	GlobalSection(SolutionConfigurationPlatforms) = preSolution
		Debug|Any CPU = Debug|Any CPU
		Release|Any CPU = Release|Any CPU
	EndGlobalSection
	GlobalSection(ProjectConfigurationPlatforms) = postSolution
		{4EA6F19A-1367-4126-B26B-5A73A74A0587}.Debug|Any CPU.ActiveCfg = Debug|Any CPU
		{4EA6F19A-1367-4126-B26B-5A73A74A0587}.Debug|Any CPU.Build.0 = Debug|Any CPU
		{4EA6F19A-1367-4126-B26B-5A73A74A0587}.Release|Any CPU.ActiveCfg = Release|Any CPU
		{4EA6F19A-1367-4126-B26B-5A73A74A0587}.Release|Any CPU.Build.0 = Release|Any CPU
	EndGlobalSection
	GlobalSection(SolutionProperties) = preSolution
		HideSolutionNode = FALSE
	EndGlobalSection
	GlobalSection(ExtensibilityGlobals) = postSolution
		SolutionGuid = {5F6B6A38-F843-4DF6-99B0-D754087A577D}
	EndGlobalSection
EndGlobal
