
Microsoft Visual Studio Solution File, Format Version 12.00
# Visual Studio Version 17
VisualStudioVersion = 17.0.32014.148
MinimumVisualStudioVersion = 10.0.40219.1
Project("{FAE04EC0-301F-11D3-BF4B-00C04F79EFBC}") = "CPSC1012-Assicgnment1-AlanPalavecino", "CPSC1012-Assicgnment1-AlanPalavecino\CPSC1012-Assicgnment1-AlanPalavecino.csproj", "{6A0DEB4D-FF32-4582-BEE5-C7FEF538055E}"
EndProject
Global
	GlobalSection(SolutionConfigurationPlatforms) = preSolution
		Debug|Any CPU = Debug|Any CPU
		Release|Any CPU = Release|Any CPU
	EndGlobalSection
	GlobalSection(ProjectConfigurationPlatforms) = postSolution
		{6A0DEB4D-FF32-4582-BEE5-C7FEF538055E}.Debug|Any CPU.ActiveCfg = Debug|Any CPU
		{6A0DEB4D-FF32-4582-BEE5-C7FEF538055E}.Debug|Any CPU.Build.0 = Debug|Any CPU
		{6A0DEB4D-FF32-4582-BEE5-C7FEF538055E}.Release|Any CPU.ActiveCfg = Release|Any CPU
		{6A0DEB4D-FF32-4582-BEE5-C7FEF538055E}.Release|Any CPU.Build.0 = Release|Any CPU
	EndGlobalSection
	GlobalSection(SolutionProperties) = preSolution
		HideSolutionNode = FALSE
	EndGlobalSection
	GlobalSection(ExtensibilityGlobals) = postSolution
		SolutionGuid = {1826D9DB-90EE-4077-BE5F-97AC492C987A}
	EndGlobalSection
EndGlobal
